// !$*UTF8*$!
{
	archiveVersion = 1;
	classes = {
	};
	objectVersion = 50;
	objects = {

/* Begin PBXBuildFile section */
		BF5C1B0A25E684E00038D7AD /* AppDelegate.swift in Sources */ = {isa = PBXBuildFile; fileRef = BF5C1B0925E684E00038D7AD /* AppDelegate.swift */; };
		BF5C1B0C25E684E00038D7AD /* SceneDelegate.swift in Sources */ = {isa = PBXBuildFile; fileRef = BF5C1B0B25E684E00038D7AD /* SceneDelegate.swift */; };
		BF5C1B0E25E684E00038D7AD /* ViewController.swift in Sources */ = {isa = PBXBuildFile; fileRef = BF5C1B0D25E684E00038D7AD /* ViewController.swift */; };
		BF5C1B1125E684E00038D7AD /* Main.storyboard in Resources */ = {isa = PBXBuildFile; fileRef = BF5C1B0F25E684E00038D7AD /* Main.storyboard */; };
		BF5C1B1325E684E50038D7AD /* Assets.xcassets in Resources */ = {isa = PBXBuildFile; fileRef = BF5C1B1225E684E50038D7AD /* Assets.xcassets */; };
		BF5C1B1625E684E50038D7AD /* LaunchScreen.storyboard in Resources */ = {isa = PBXBuildFile; fileRef = BF5C1B1425E684E50038D7AD /* LaunchScreen.storyboard */; };
		BF5C1B2025E685330038D7AD /* WeatherModel.swift in Sources */ = {isa = PBXBuildFile; fileRef = BF5C1B1F25E685330038D7AD /* WeatherModel.swift */; };
		BF5C1B2325E685510038D7AD /* WeatherManager.swift in Sources */ = {isa = PBXBuildFile; fileRef = BF5C1B2225E685510038D7AD /* WeatherManager.swift */; };
		BF5C1B2625E685670038D7AD /* WeatherData.swift in Sources */ = {isa = PBXBuildFile; fileRef = BF5C1B2525E685670038D7AD /* WeatherData.swift */; };
/* End PBXBuildFile section */

/* Begin PBXFileReference section */
		BF5C1B0625E684E00038D7AD /* MyWeatherApp.app */ = {isa = PBXFileReference; explicitFileType = wrapper.application; includeInIndex = 0; path = MyWeatherApp.app; sourceTree = BUILT_PRODUCTS_DIR; };
		BF5C1B0925E684E00038D7AD /* AppDelegate.swift */ = {isa = PBXFileReference; lastKnownFileType = sourcecode.swift; path = AppDelegate.swift; sourceTree = "<group>"; };
		BF5C1B0B25E684E00038D7AD /* SceneDelegate.swift */ = {isa = PBXFileReference; lastKnownFileType = sourcecode.swift; path = SceneDelegate.swift; sourceTree = "<group>"; };
		BF5C1B0D25E684E00038D7AD /* ViewController.swift */ = {isa = PBXFileReference; lastKnownFileType = sourcecode.swift; path = ViewController.swift; sourceTree = "<group>"; };
		BF5C1B1025E684E00038D7AD /* Base */ = {isa = PBXFileReference; lastKnownFileType = file.storyboard; name = Base; path = Base.lproj/Main.storyboard; sourceTree = "<group>"; };
		BF5C1B1225E684E50038D7AD /* Assets.xcassets */ = {isa = PBXFileReference; lastKnownFileType = folder.assetcatalog; path = Assets.xcassets; sourceTree = "<group>"; };
		BF5C1B1525E684E50038D7AD /* Base */ = {isa = PBXFileReference; lastKnownFileType = file.storyboard; name = Base; path = Base.lproj/LaunchScreen.storyboard; sourceTree = "<group>"; };
		BF5C1B1725E684E50038D7AD /* Info.plist */ = {isa = PBXFileReference; lastKnownFileType = text.plist.xml; path = Info.plist; sourceTree = "<group>"; };
		BF5C1B1F25E685330038D7AD /* WeatherModel.swift */ = {isa = PBXFileReference; lastKnownFileType = sourcecode.swift; path = WeatherModel.swift; sourceTree = "<group>"; };
		BF5C1B2225E685510038D7AD /* WeatherManager.swift */ = {isa = PBXFileReference; lastKnownFileType = sourcecode.swift; path = WeatherManager.swift; sourceTree = "<group>"; };
		BF5C1B2525E685670038D7AD /* WeatherData.swift */ = {isa = PBXFileReference; lastKnownFileType = sourcecode.swift; path = WeatherData.swift; sourceTree = "<group>"; };
/* End PBXFileReference section */

/* Begin PBXFrameworksBuildPhase section */
		BF5C1B0325E684E00038D7AD /* Frameworks */ = {
			isa = PBXFrameworksBuildPhase;
			buildActionMask = 2147483647;
			files = (
			);
			runOnlyForDeploymentPostprocessing = 0;
		};
/* End PBXFrameworksBuildPhase section */

/* Begin PBXGroup section */
		BF5C1AFD25E684E00038D7AD = {
			isa = PBXGroup;
			children = (
				BF5C1B0825E684E00038D7AD /* MyWeatherApp */,
				BF5C1B0725E684E00038D7AD /* Products */,
			);
			sourceTree = "<group>";
		};
		BF5C1B0725E684E00038D7AD /* Products */ = {
			isa = PBXGroup;
			children = (
				BF5C1B0625E684E00038D7AD /* MyWeatherApp.app */,
			);
			name = Products;
			sourceTree = "<group>";
		};
		BF5C1B0825E684E00038D7AD /* MyWeatherApp */ = {
			isa = PBXGroup;
			children = (
				BF5C1B1E25E6850C0038D7AD /* Model */,
				BF5C1B0925E684E00038D7AD /* AppDelegate.swift */,
				BF5C1B0B25E684E00038D7AD /* SceneDelegate.swift */,
				BF5C1B0D25E684E00038D7AD /* ViewController.swift */,
				BF5C1B0F25E684E00038D7AD /* Main.storyboard */,
				BF5C1B1225E684E50038D7AD /* Assets.xcassets */,
				BF5C1B1425E684E50038D7AD /* LaunchScreen.storyboard */,
				BF5C1B1725E684E50038D7AD /* Info.plist */,
			);
			path = MyWeatherApp;
			sourceTree = "<group>";
		};
		BF5C1B1E25E6850C0038D7AD /* Model */ = {
			isa = PBXGroup;
			children = (
				BF5C1B1F25E685330038D7AD /* WeatherModel.swift */,
				BF5C1B2225E685510038D7AD /* WeatherManager.swift */,
				BF5C1B2525E685670038D7AD /* WeatherData.swift */,
			);
			path = Model;
			sourceTree = "<group>";
		};
/* End PBXGroup section */

/* Begin PBXNativeTarget section */
		BF5C1B0525E684E00038D7AD /* MyWeatherApp */ = {
			isa = PBXNativeTarget;
			buildConfigurationList = BF5C1B1A25E684E50038D7AD /* Build configuration list for PBXNativeTarget "MyWeatherApp" */;
			buildPhases = (
				BF5C1B0225E684E00038D7AD /* Sources */,
				BF5C1B0325E684E00038D7AD /* Frameworks */,
				BF5C1B0425E684E00038D7AD /* Resources */,
			);
			buildRules = (
			);
			dependencies = (
			);
			name = MyWeatherApp;
			productName = MyWeatherApp;
			productReference = BF5C1B0625E684E00038D7AD /* MyWeatherApp.app */;
			productType = "com.apple.product-type.application";
		};
/* End PBXNativeTarget section */

/* Begin PBXProject section */
		BF5C1AFE25E684E00038D7AD /* Project object */ = {
			isa = PBXProject;
			attributes = {
				LastSwiftUpdateCheck = 1240;
				LastUpgradeCheck = 1240;
				TargetAttributes = {
					BF5C1B0525E684E00038D7AD = {
						CreatedOnToolsVersion = 12.4;
					};
				};
			};
			buildConfigurationList = BF5C1B0125E684E00038D7AD /* Build configuration list for PBXProject "MyWeatherApp" */;
			compatibilityVersion = "Xcode 9.3";
			developmentRegion = en;
			hasScannedForEncodings = 0;
			knownRegions = (
				en,
				Base,
			);
			mainGroup = BF5C1AFD25E684E00038D7AD;
			productRefGroup = BF5C1B0725E684E00038D7AD /* Products */;
			projectDirPath = "";
			projectRoot = "";
			targets = (
				BF5C1B0525E684E00038D7AD /* MyWeatherApp */,
			);
		};
/* End PBXProject section */

/* Begin PBXResourcesBuildPhase section */
		BF5C1B0425E684E00038D7AD /* Resources */ = {
			isa = PBXResourcesBuildPhase;
			buildActionMask = 2147483647;
			files = (
				BF5C1B1625E684E50038D7AD /* LaunchScreen.storyboard in Resources */,
				BF5C1B1325E684E50038D7AD /* Assets.xcassets in Resources */,
				BF5C1B1125E684E00038D7AD /* Main.storyboard in Resources */,
			);
			runOnlyForDeploymentPostprocessing = 0;
		};
/* End PBXResourcesBuildPhase section */

/* Begin PBXSourcesBuildPhase section */
		BF5C1B0225E684E00038D7AD /* Sources */ = {
			isa = PBXSourcesBuildPhase;
			buildActionMask = 2147483647;
			files = (
				BF5C1B0E25E684E00038D7AD /* ViewController.swift in Sources */,
				BF5C1B0A25E684E00038D7AD /* AppDelegate.swift in Sources */,
				BF5C1B2325E685510038D7AD /* WeatherManager.swift in Sources */,
				BF5C1B2025E685330038D7AD /* WeatherModel.swift in Sources */,
				BF5C1B2625E685670038D7AD /* WeatherData.swift in Sources */,
				BF5C1B0C25E684E00038D7AD /* SceneDelegate.swift in Sources */,
			);
			runOnlyForDeploymentPostprocessing = 0;
		};
/* End PBXSourcesBuildPhase section */

/* Begin PBXVariantGroup section */
		BF5C1B0F25E684E00038D7AD /* Main.storyboard */ = {
			isa = PBXVariantGroup;
			children = (
				BF5C1B1025E684E00038D7AD /* Base */,
			);
			name = Main.storyboard;
			sourceTree = "<group>";
		};
		BF5C1B1425E684E50038D7AD /* LaunchScreen.storyboard */ = {
			isa = PBXVariantGroup;
			children = (
				BF5C1B1525E684E50038D7AD /* Base */,
			);
			name = LaunchScreen.storyboard;
			sourceTree = "<group>";
		};
/* End PBXVariantGroup section */

/* Begin XCBuildConfiguration section */
		BF5C1B1825E684E50038D7AD /* Debug */ = {
			isa = XCBuildConfiguration;
			buildSettings = {
				ALWAYS_SEARCH_USER_PATHS = NO;
				CLANG_ANALYZER_NONNULL = YES;
				CLANG_ANALYZER_NUMBER_OBJECT_CONVERSION = YES_AGGRESSIVE;
				CLANG_CXX_LANGUAGE_STANDARD = "gnu++14";
				CLANG_CXX_LIBRARY = "libc++";
				CLANG_ENABLE_MODULES = YES;
				CLANG_ENABLE_OBJC_ARC = YES;
				CLANG_ENABLE_OBJC_WEAK = YES;
				CLANG_WARN_BLOCK_CAPTURE_AUTORELEASING = YES;
				CLANG_WARN_BOOL_CONVERSION = YES;
				CLANG_WARN_COMMA = YES;
				CLANG_WARN_CONSTANT_CONVERSION = YES;
				CLANG_WARN_DEPRECATED_OBJC_IMPLEMENTATIONS = YES;
				CLANG_WARN_DIRECT_OBJC_ISA_USAGE = YES_ERROR;
				CLANG_WARN_DOCUMENTATION_COMMENTS = YES;
				CLANG_WARN_EMPTY_BODY = YES;
				CLANG_WARN_ENUM_CONVERSION = YES;
				CLANG_WARN_INFINITE_RECURSION = YES;
				CLANG_WARN_INT_CONVERSION = YES;
				CLANG_WARN_NON_LITERAL_NULL_CONVERSION = YES;
				CLANG_WARN_OBJC_IMPLICIT_RETAIN_SELF = YES;
				CLANG_WARN_OBJC_LITERAL_CONVERSION = YES;
				CLANG_WARN_OBJC_ROOT_CLASS = YES_ERROR;
				CLANG_WARN_QUOTED_INCLUDE_IN_FRAMEWORK_HEADER = YES;
				CLANG_WARN_RANGE_LOOP_ANALYSIS = YES;
				CLANG_WARN_STRICT_PROTOTYPES = YES;
				CLANG_WARN_SUSPICIOUS_MOVE = YES;
				CLANG_WARN_UNGUARDED_AVAILABILITY = YES_AGGRESSIVE;
				CLANG_WARN_UNREACHABLE_CODE = YES;
				CLANG_WARN__DUPLICATE_METHOD_MATCH = YES;
				COPY_PHASE_STRIP = NO;
				DEBUG_INFORMATION_FORMAT = dwarf;
				ENABLE_STRICT_OBJC_MSGSEND = YES;
				ENABLE_TESTABILITY = YES;
				GCC_C_LANGUAGE_STANDARD = gnu11;
				GCC_DYNAMIC_NO_PIC = NO;
				GCC_NO_COMMON_BLOCKS = YES;
				GCC_OPTIMIZATION_LEVEL = 0;
				GCC_PREPROCESSOR_DEFINITIONS = (
					"DEBUG=1",
					"$(inherited)",
				);
				GCC_WARN_64_TO_32_BIT_CONVERSION = YES;
				GCC_WARN_ABOUT_RETURN_TYPE = YES_ERROR;
				GCC_WARN_UNDECLARED_SELECTOR = YES;
				GCC_WARN_UNINITIALIZED_AUTOS = YES_AGGRESSIVE;
				GCC_WARN_UNUSED_FUNCTION = YES;
				GCC_WARN_UNUSED_VARIABLE = YES;
				IPHONEOS_DEPLOYMENT_TARGET = 14.4;
				MTL_ENABLE_DEBUG_INFO = INCLUDE_SOURCE;
				MTL_FAST_MATH = YES;
				ONLY_ACTIVE_ARCH = YES;
				SDKROOT = iphoneos;
				SWIFT_ACTIVE_COMPILATION_CONDITIONS = DEBUG;
				SWIFT_OPTIMIZATION_LEVEL = "-Onone";
			};
			name = Debug;
		};
		BF5C1B1925E684E50038D7AD /* Release */ = {
			isa = XCBuildConfiguration;
			buildSettings = {
				ALWAYS_SEARCH_USER_PATHS = NO;
				CLANG_ANALYZER_NONNULL = YES;
				CLANG_ANALYZER_NUMBER_OBJECT_CONVERSION = YES_AGGRESSIVE;
				CLANG_CXX_LANGUAGE_STANDARD = "gnu++14";
				CLANG_CXX_LIBRARY = "libc++";
				CLANG_ENABLE_MODULES = YES;
				CLANG_ENABLE_OBJC_ARC = YES;
				CLANG_ENABLE_OBJC_WEAK = YES;
				CLANG_WARN_BLOCK_CAPTURE_AUTORELEASING = YES;
				CLANG_WARN_BOOL_CONVERSION = YES;
				CLANG_WARN_COMMA = YES;
				CLANG_WARN_CONSTANT_CONVERSION = YES;
				CLANG_WARN_DEPRECATED_OBJC_IMPLEMENTATIONS = YES;
				CLANG_WARN_DIRECT_OBJC_ISA_USAGE = YES_ERROR;
				CLANG_WARN_DOCUMENTATION_COMMENTS = YES;
				CLANG_WARN_EMPTY_BODY = YES;
				CLANG_WARN_ENUM_CONVERSION = YES;
				CLANG_WARN_INFINITE_RECURSION = YES;
				CLANG_WARN_INT_CONVERSION = YES;
				CLANG_WARN_NON_LITERAL_NULL_CONVERSION = YES;
				CLANG_WARN_OBJC_IMPLICIT_RETAIN_SELF = YES;
				CLANG_WARN_OBJC_LITERAL_CONVERSION = YES;
				CLANG_WARN_OBJC_ROOT_CLASS = YES_ERROR;
				CLANG_WARN_QUOTED_INCLUDE_IN_FRAMEWORK_HEADER = YES;
				CLANG_WARN_RANGE_LOOP_ANALYSIS = YES;
				CLANG_WARN_STRICT_PROTOTYPES = YES;
				CLANG_WARN_SUSPICIOUS_MOVE = YES;
				CLANG_WARN_UNGUARDED_AVAILABILITY = YES_AGGRESSIVE;
				CLANG_WARN_UNREACHABLE_CODE = YES;
				CLANG_WARN__DUPLICATE_METHOD_MATCH = YES;
				COPY_PHASE_STRIP = NO;
				DEBUG_INFORMATION_FORMAT = "dwarf-with-dsym";
				ENABLE_NS_ASSERTIONS = NO;
				ENABLE_STRICT_OBJC_MSGSEND = YES;
				GCC_C_LANGUAGE_STANDARD = gnu11;
				GCC_NO_COMMON_BLOCKS = YES;
				GCC_WARN_64_TO_32_BIT_CONVERSION = YES;
				GCC_WARN_ABOUT_RETURN_TYPE = YES_ERROR;
				GCC_WARN_UNDECLARED_SELECTOR = YES;
				GCC_WARN_UNINITIALIZED_AUTOS = YES_AGGRESSIVE;
				GCC_WARN_UNUSED_FUNCTION = YES;
				GCC_WARN_UNUSED_VARIABLE = YES;
				IPHONEOS_DEPLOYMENT_TARGET = 14.4;
				MTL_ENABLE_DEBUG_INFO = NO;
				MTL_FAST_MATH = YES;
				SDKROOT = iphoneos;
				SWIFT_COMPILATION_MODE = wholemodule;
				SWIFT_OPTIMIZATION_LEVEL = "-O";
				VALIDATE_PRODUCT = YES;
			};
			name = Release;
		};
		BF5C1B1B25E684E50038D7AD /* Debug */ = {
			isa = XCBuildConfiguration;
			buildSettings = {
				ASSETCATALOG_COMPILER_APPICON_NAME = AppIcon;
				ASSETCATALOG_COMPILER_GLOBAL_ACCENT_COLOR_NAME = AccentColor;
				CODE_SIGN_STYLE = Automatic;
				DEVELOPMENT_TEAM = 75286Y47HB;
				INFOPLIST_FILE = MyWeatherApp/Info.plist;
				LD_RUNPATH_SEARCH_PATHS = (
					"$(inherited)",
					"@executable_path/Frameworks",
				);
				PRODUCT_BUNDLE_IDENTIFIER = merilainen.MyWeatherApp;
				PRODUCT_NAME = "$(TARGET_NAME)";
				SWIFT_VERSION = 5.0;
				TARGETED_DEVICE_FAMILY = "1,2";
			};
			name = Debug;
		};
		BF5C1B1C25E684E50038D7AD /* Release */ = {
			isa = XCBuildConfiguration;
			buildSettings = {
				ASSETCATALOG_COMPILER_APPICON_NAME = AppIcon;
				ASSETCATALOG_COMPILER_GLOBAL_ACCENT_COLOR_NAME = AccentColor;
				CODE_SIGN_STYLE = Automatic;
				DEVELOPMENT_TEAM = 75286Y47HB;
				INFOPLIST_FILE = MyWeatherApp/Info.plist;
				LD_RUNPATH_SEARCH_PATHS = (
					"$(inherited)",
					"@executable_path/Frameworks",
				);
				PRODUCT_BUNDLE_IDENTIFIER = merilainen.MyWeatherApp;
				PRODUCT_NAME = "$(TARGET_NAME)";
				SWIFT_VERSION = 5.0;
				TARGETED_DEVICE_FAMILY = "1,2";
			};
			name = Release;
		};
/* End XCBuildConfiguration section */

/* Begin XCConfigurationList section */
		BF5C1B0125E684E00038D7AD /* Build configuration list for PBXProject "MyWeatherApp" */ = {
			isa = XCConfigurationList;
			buildConfigurations = (
				BF5C1B1825E684E50038D7AD /* Debug */,
				BF5C1B1925E684E50038D7AD /* Release */,
			);
			defaultConfigurationIsVisible = 0;
			defaultConfigurationName = Release;
		};
		BF5C1B1A25E684E50038D7AD /* Build configuration list for PBXNativeTarget "MyWeatherApp" */ = {
			isa = XCConfigurationList;
			buildConfigurations = (
				BF5C1B1B25E684E50038D7AD /* Debug */,
				BF5C1B1C25E684E50038D7AD /* Release */,
			);
			defaultConfigurationIsVisible = 0;
			defaultConfigurationName = Release;
		};
/* End XCConfigurationList section */
	};
	rootObject = BF5C1AFE25E684E00038D7AD /* Project object */;
}
